// !$*UTF8*$!
{
	archiveVersion = 1;
	classes = {
	};
	objectVersion = 46;
	objects = {

/* Begin PBXBuildFile section */
		84F005C61A458C6F002E064E /* AppDelegate.swift in Sources */ = {isa = PBXBuildFile; fileRef = 84F005C51A458C6F002E064E /* AppDelegate.swift */; };
		84F005C81A458C6F002E064E /* Images.xcassets in Resources */ = {isa = PBXBuildFile; fileRef = 84F005C71A458C6F002E064E /* Images.xcassets */; };
		84F005CB1A458C6F002E064E /* MainMenu.xib in Resources */ = {isa = PBXBuildFile; fileRef = 84F005C91A458C6F002E064E /* MainMenu.xib */; };
		84F005D71A458C6F002E064E /* ImageViewTests.swift in Sources */ = {isa = PBXBuildFile; fileRef = 84F005D61A458C6F002E064E /* ImageViewTests.swift */; };
/* End PBXBuildFile section */

/* Begin PBXContainerItemProxy section */
		84F005D11A458C6F002E064E /* PBXContainerItemProxy */ = {
			isa = PBXContainerItemProxy;
			containerPortal = 84F005B81A458C6F002E064E /* Project object */;
			proxyType = 1;
			remoteGlobalIDString = 84F005BF1A458C6F002E064E;
			remoteInfo = ImageView;
		};
/* End PBXContainerItemProxy section */

/* Begin PBXFileReference section */
		84F005C01A458C6F002E064E /* ImageView.app */ = {isa = PBXFileReference; explicitFileType = wrapper.application; includeInIndex = 0; path = ImageView.app; sourceTree = BUILT_PRODUCTS_DIR; };
		84F005C41A458C6F002E064E /* Info.plist */ = {isa = PBXFileReference; lastKnownFileType = text.plist.xml; path = Info.plist; sourceTree = "<group>"; };
		84F005C51A458C6F002E064E /* AppDelegate.swift */ = {isa = PBXFileReference; lastKnownFileType = sourcecode.swift; path = AppDelegate.swift; sourceTree = "<group>"; };
		84F005C71A458C6F002E064E /* Images.xcassets */ = {isa = PBXFileReference; lastKnownFileType = folder.assetcatalog; path = Images.xcassets; sourceTree = "<group>"; };
		84F005CA1A458C6F002E064E /* Base */ = {isa = PBXFileReference; lastKnownFileType = file.xib; name = Base; path = Base.lproj/MainMenu.xib; sourceTree = "<group>"; };
		84F005D01A458C6F002E064E /* ImageViewTests.xctest */ = {isa = PBXFileReference; explicitFileType = wrapper.cfbundle; includeInIndex = 0; path = ImageViewTests.xctest; sourceTree = BUILT_PRODUCTS_DIR; };
		84F005D51A458C6F002E064E /* Info.plist */ = {isa = PBXFileReference; lastKnownFileType = text.plist.xml; path = Info.plist; sourceTree = "<group>"; };
		84F005D61A458C6F002E064E /* ImageViewTests.swift */ = {isa = PBXFileReference; lastKnownFileType = sourcecode.swift; path = ImageViewTests.swift; sourceTree = "<group>"; };
/* End PBXFileReference section */

/* Begin PBXFrameworksBuildPhase section */
		84F005BD1A458C6F002E064E /* Frameworks */ = {
			isa = PBXFrameworksBuildPhase;
			buildActionMask = 2147483647;
			files = (
			);
			runOnlyForDeploymentPostprocessing = 0;
		};
		84F005CD1A458C6F002E064E /* Frameworks */ = {
			isa = PBXFrameworksBuildPhase;
			buildActionMask = 2147483647;
			files = (
			);
			runOnlyForDeploymentPostprocessing = 0;
		};
/* End PBXFrameworksBuildPhase section */

/* Begin PBXGroup section */
		84F005B71A458C6F002E064E = {
			isa = PBXGroup;
			children = (
				84F005C21A458C6F002E064E /* ImageView */,
				84F005D31A458C6F002E064E /* ImageViewTests */,
				84F005C11A458C6F002E064E /* Products */,
			);
			sourceTree = "<group>";
		};
		84F005C11A458C6F002E064E /* Products */ = {
			isa = PBXGroup;
			children = (
				84F005C01A458C6F002E064E /* ImageView.app */,
				84F005D01A458C6F002E064E /* ImageViewTests.xctest */,
			);
			name = Products;
			sourceTree = "<group>";
		};
		84F005C21A458C6F002E064E /* ImageView */ = {
			isa = PBXGroup;
			children = (
				84F005C51A458C6F002E064E /* AppDelegate.swift */,
				84F005C71A458C6F002E064E /* Images.xcassets */,
				84F005C91A458C6F002E064E /* MainMenu.xib */,
				84F005C31A458C6F002E064E /* Supporting Files */,
			);
			path = ImageView;
			sourceTree = "<group>";
		};
		84F005C31A458C6F002E064E /* Supporting Files */ = {
			isa = PBXGroup;
			children = (
				84F005C41A458C6F002E064E /* Info.plist */,
			);
			name = "Supporting Files";
			sourceTree = "<group>";
		};
		84F005D31A458C6F002E064E /* ImageViewTests */ = {
			isa = PBXGroup;
			children = (
				84F005D61A458C6F002E064E /* ImageViewTests.swift */,
				84F005D41A458C6F002E064E /* Supporting Files */,
			);
			path = ImageViewTests;
			sourceTree = "<group>";
		};
		84F005D41A458C6F002E064E /* Supporting Files */ = {
			isa = PBXGroup;
			children = (
				84F005D51A458C6F002E064E /* Info.plist */,
			);
			name = "Supporting Files";
			sourceTree = "<group>";
		};
/* End PBXGroup section */

/* Begin PBXNativeTarget section */
		84F005BF1A458C6F002E064E /* ImageView */ = {
			isa = PBXNativeTarget;
			buildConfigurationList = 84F005DA1A458C6F002E064E /* Build configuration list for PBXNativeTarget "ImageView" */;
			buildPhases = (
				84F005BC1A458C6F002E064E /* Sources */,
				84F005BD1A458C6F002E064E /* Frameworks */,
				84F005BE1A458C6F002E064E /* Resources */,
			);
			buildRules = (
			);
			dependencies = (
			);
			name = ImageView;
			productName = ImageView;
			productReference = 84F005C01A458C6F002E064E /* ImageView.app */;
			productType = "com.apple.product-type.application";
		};
		84F005CF1A458C6F002E064E /* ImageViewTests */ = {
			isa = PBXNativeTarget;
			buildConfigurationList = 84F005DD1A458C6F002E064E /* Build configuration list for PBXNativeTarget "ImageViewTests" */;
			buildPhases = (
				84F005CC1A458C6F002E064E /* Sources */,
				84F005CD1A458C6F002E064E /* Frameworks */,
				84F005CE1A458C6F002E064E /* Resources */,
			);
			buildRules = (
			);
			dependencies = (
				84F005D21A458C6F002E064E /* PBXTargetDependency */,
			);
			name = ImageViewTests;
			productName = ImageViewTests;
			productReference = 84F005D01A458C6F002E064E /* ImageViewTests.xctest */;
			productType = "com.apple.product-type.bundle.unit-test";
		};
/* End PBXNativeTarget section */

/* Begin PBXProject section */
		84F005B81A458C6F002E064E /* Project object */ = {
			isa = PBXProject;
			attributes = {
				LastUpgradeCheck = 0610;
				ORGANIZATIONNAME = admin;
				TargetAttributes = {
					84F005BF1A458C6F002E064E = {
						CreatedOnToolsVersion = 6.1.1;
					};
					84F005CF1A458C6F002E064E = {
						CreatedOnToolsVersion = 6.1.1;
						TestTargetID = 84F005BF1A458C6F002E064E;
					};
				};
			};
			buildConfigurationList = 84F005BB1A458C6F002E064E /* Build configuration list for PBXProject "ImageView" */;
			compatibilityVersion = "Xcode 3.2";
			developmentRegion = English;
			hasScannedForEncodings = 0;
			knownRegions = (
				en,
				Base,
			);
			mainGroup = 84F005B71A458C6F002E064E;
			productRefGroup = 84F005C11A458C6F002E064E /* Products */;
			projectDirPath = "";
			projectRoot = "";
			targets = (
				84F005BF1A458C6F002E064E /* ImageView */,
				84F005CF1A458C6F002E064E /* ImageViewTests */,
			);
		};
/* End PBXProject section */

/* Begin PBXResourcesBuildPhase section */
		84F005BE1A458C6F002E064E /* Resources */ = {
			isa = PBXResourcesBuildPhase;
			buildActionMask = 2147483647;
			files = (
				84F005C81A458C6F002E064E /* Images.xcassets in Resources */,
				84F005CB1A458C6F002E064E /* MainMenu.xib in Resources */,
			);
			runOnlyForDeploymentPostprocessing = 0;
		};
		84F005CE1A458C6F002E064E /* Resources */ = {
			isa = PBXResourcesBuildPhase;
			buildActionMask = 2147483647;
			files = (
			);
			runOnlyForDeploymentPostprocessing = 0;
		};
/* End PBXResourcesBuildPhase section */

/* Begin PBXSourcesBuildPhase section */
		84F005BC1A458C6F002E064E /* Sources */ = {
			isa = PBXSourcesBuildPhase;
			buildActionMask = 2147483647;
			files = (
				84F005C61A458C6F002E064E /* AppDelegate.swift in Sources */,
			);
			runOnlyForDeploymentPostprocessing = 0;
		};
		84F005CC1A458C6F002E064E /* Sources */ = {
			isa = PBXSourcesBuildPhase;
			buildActionMask = 2147483647;
			files = (
				84F005D71A458C6F002E064E /* ImageViewTests.swift in Sources */,
			);
			runOnlyForDeploymentPostprocessing = 0;
		};
/* End PBXSourcesBuildPhase section */

/* Begin PBXTargetDependency section */
		84F005D21A458C6F002E064E /* PBXTargetDependency */ = {
			isa = PBXTargetDependency;
			target = 84F005BF1A458C6F002E064E /* ImageView */;
			targetProxy = 84F005D11A458C6F002E064E /* PBXContainerItemProxy */;
		};
/* End PBXTargetDependency section */

/* Begin PBXVariantGroup section */
		84F005C91A458C6F002E064E /* MainMenu.xib */ = {
			isa = PBXVariantGroup;
			children = (
				84F005CA1A458C6F002E064E /* Base */,
			);
			name = MainMenu.xib;
			sourceTree = "<group>";
		};
/* End PBXVariantGroup section */

/* Begin XCBuildConfiguration section */
		84F005D81A458C6F002E064E /* Debug */ = {
			isa = XCBuildConfiguration;
			buildSettings = {
				ALWAYS_SEARCH_USER_PATHS = NO;
				CLANG_CXX_LANGUAGE_STANDARD = "gnu++0x";
				CLANG_CXX_LIBRARY = "libc++";
				CLANG_ENABLE_MODULES = YES;
				CLANG_ENABLE_OBJC_ARC = YES;
				CLANG_WARN_BOOL_CONVERSION = YES;
				CLANG_WARN_CONSTANT_CONVERSION = YES;
				CLANG_WARN_DIRECT_OBJC_ISA_USAGE = YES_ERROR;
				CLANG_WARN_EMPTY_BODY = YES;
				CLANG_WARN_ENUM_CONVERSION = YES;
				CLANG_WARN_INT_CONVERSION = YES;
				CLANG_WARN_OBJC_ROOT_CLASS = YES_ERROR;
				CLANG_WARN_UNREACHABLE_CODE = YES;
				CLANG_WARN__DUPLICATE_METHOD_MATCH = YES;
				CODE_SIGN_IDENTITY = "-";
				COPY_PHASE_STRIP = NO;
				ENABLE_STRICT_OBJC_MSGSEND = YES;
				GCC_C_LANGUAGE_STANDARD = gnu99;
				GCC_DYNAMIC_NO_PIC = NO;
				GCC_OPTIMIZATION_LEVEL = 0;
				GCC_PREPROCESSOR_DEFINITIONS = (
					"DEBUG=1",
					"$(inherited)",
				);
				GCC_SYMBOLS_PRIVATE_EXTERN = NO;
				GCC_WARN_64_TO_32_BIT_CONVERSION = YES;
				GCC_WARN_ABOUT_RETURN_TYPE = YES_ERROR;
				GCC_WARN_UNDECLARED_SELECTOR = YES;
				GCC_WARN_UNINITIALIZED_AUTOS = YES_AGGRESSIVE;
				GCC_WARN_UNUSED_FUNCTION = YES;
				GCC_WARN_UNUSED_VARIABLE = YES;
				MACOSX_DEPLOYMENT_TARGET = 10.9;
				MTL_ENABLE_DEBUG_INFO = YES;
				ONLY_ACTIVE_ARCH = YES;
				SDKROOT = macosx;
				SWIFT_OPTIMIZATION_LEVEL = "-Onone";
			};
			name = Debug;
		};
		84F005D91A458C6F002E064E /* Release */ = {
			isa = XCBuildConfiguration;
			buildSettings = {
				ALWAYS_SEARCH_USER_PATHS = NO;
				CLANG_CXX_LANGUAGE_STANDARD = "gnu++0x";
				CLANG_CXX_LIBRARY = "libc++";
				CLANG_ENABLE_MODULES = YES;
				CLANG_ENABLE_OBJC_ARC = YES;
				CLANG_WARN_BOOL_CONVERSION = YES;
				CLANG_WARN_CONSTANT_CONVERSION = YES;
				CLANG_WARN_DIRECT_OBJC_ISA_USAGE = YES_ERROR;
				CLANG_WARN_EMPTY_BODY = YES;
				CLANG_WARN_ENUM_CONVERSION = YES;
				CLANG_WARN_INT_CONVERSION = YES;
				CLANG_WARN_OBJC_ROOT_CLASS = YES_ERROR;
				CLANG_WARN_UNREACHABLE_CODE = YES;
				CLANG_WARN__DUPLICATE_METHOD_MATCH = YES;
				CODE_SIGN_IDENTITY = "-";
				COPY_PHASE_STRIP = YES;
				DEBUG_INFORMATION_FORMAT = "dwarf-with-dsym";
				ENABLE_NS_ASSERTIONS = NO;
				ENABLE_STRICT_OBJC_MSGSEND = YES;
				GCC_C_LANGUAGE_STANDARD = gnu99;
				GCC_WARN_64_TO_32_BIT_CONVERSION = YES;
				GCC_WARN_ABOUT_RETURN_TYPE = YES_ERROR;
				GCC_WARN_UNDECLARED_SELECTOR = YES;
				GCC_WARN_UNINITIALIZED_AUTOS = YES_AGGRESSIVE;
				GCC_WARN_UNUSED_FUNCTION = YES;
				GCC_WARN_UNUSED_VARIABLE = YES;
				MACOSX_DEPLOYMENT_TARGET = 10.9;
				MTL_ENABLE_DEBUG_INFO = NO;
				SDKROOT = macosx;
			};
			name = Release;
		};
		84F005DB1A458C6F002E064E /* Debug */ = {
			isa = XCBuildConfiguration;
			buildSettings = {
				ASSETCATALOG_COMPILER_APPICON_NAME = AppIcon;
				COMBINE_HIDPI_IMAGES = YES;
				INFOPLIST_FILE = ImageView/Info.plist;
				LD_RUNPATH_SEARCH_PATHS = "$(inherited) @executable_path/../Frameworks";
				PRODUCT_NAME = "$(TARGET_NAME)";
			};
			name = Debug;
		};
		84F005DC1A458C6F002E064E /* Release */ = {
			isa = XCBuildConfiguration;
			buildSettings = {
				ASSETCATALOG_COMPILER_APPICON_NAME = AppIcon;
				COMBINE_HIDPI_IMAGES = YES;
				INFOPLIST_FILE = ImageView/Info.plist;
				LD_RUNPATH_SEARCH_PATHS = "$(inherited) @executable_path/../Frameworks";
				PRODUCT_NAME = "$(TARGET_NAME)";
			};
			name = Release;
		};
		84F005DE1A458C6F002E064E /* Debug */ = {
			isa = XCBuildConfiguration;
			buildSettings = {
				BUNDLE_LOADER = "$(TEST_HOST)";
				COMBINE_HIDPI_IMAGES = YES;
				FRAMEWORK_SEARCH_PATHS = (
					"$(DEVELOPER_FRAMEWORKS_DIR)",
					"$(inherited)",
				);
				GCC_PREPROCESSOR_DEFINITIONS = (
					"DEBUG=1",
					"$(inherited)",
				);
				INFOPLIST_FILE = ImageViewTests/Info.plist;
				LD_RUNPATH_SEARCH_PATHS = "$(inherited) @executable_path/../Frameworks @loader_path/../Frameworks";
				PRODUCT_NAME = "$(TARGET_NAME)";
				TEST_HOST = "$(BUILT_PRODUCTS_DIR)/ImageView.app/Contents/MacOS/ImageView";
			};
			name = Debug;
		};
		84F005DF1A458C6F002E064E /* Release */ = {
			isa = XCBuildConfiguration;
			buildSettings = {
				BUNDLE_LOADER = "$(TEST_HOST)";
				COMBINE_HIDPI_IMAGES = YES;
				FRAMEWORK_SEARCH_PATHS = (
					"$(DEVELOPER_FRAMEWORKS_DIR)",
					"$(inherited)",
				);
				INFOPLIST_FILE = ImageViewTests/Info.plist;
				LD_RUNPATH_SEARCH_PATHS = "$(inherited) @executable_path/../Frameworks @loader_path/../Frameworks";
				PRODUCT_NAME = "$(TARGET_NAME)";
				TEST_HOST = "$(BUILT_PRODUCTS_DIR)/ImageView.app/Contents/MacOS/ImageView";
			};
			name = Release;
		};
/* End XCBuildConfiguration section */

/* Begin XCConfigurationList section */
		84F005BB1A458C6F002E064E /* Build configuration list for PBXProject "ImageView" */ = {
			isa = XCConfigurationList;
			buildConfigurations = (
				84F005D81A458C6F002E064E /* Debug */,
				84F005D91A458C6F002E064E /* Release */,
			);
			defaultConfigurationIsVisible = 0;
			defaultConfigurationName = Release;
		};
		84F005DA1A458C6F002E064E /* Build configuration list for PBXNativeTarget "ImageView" */ = {
			isa = XCConfigurationList;
			buildConfigurations = (
				84F005DB1A458C6F002E064E /* Debug */,
				84F005DC1A458C6F002E064E /* Release */,
			);
			defaultConfigurationIsVisible = 0;
		};
		84F005DD1A458C6F002E064E /* Build configuration list for PBXNativeTarget "ImageViewTests" */ = {
			isa = XCConfigurationList;
			buildConfigurations = (
				84F005DE1A458C6F002E064E /* Debug */,
				84F005DF1A458C6F002E064E /* Release */,
			);
			defaultConfigurationIsVisible = 0;
		};
/* End XCConfigurationList section */
	};
	rootObject = 84F005B81A458C6F002E064E /* Project object */;
}
